
Microsoft Visual Studio Solution File, Format Version 12.00
# Visual Studio Version 17
VisualStudioVersion = 17.0.31903.59
MinimumVisualStudioVersion = 10.0.40219.1
Project("{2150E333-8FDC-42A3-9474-1A3956D46DE8}") = "src", "src", "{FC7B63F7-520C-49C3-AE83-88F8263A35F2}"
EndProject
Project("{FAE04EC0-301F-11D3-BF4B-00C04F79EFBC}") = "MiApp.Domain", "src\MiApp.Domain\MiApp.Domain.csproj", "{E767FC82-464A-4D22-B11E-04F42C95E722}"
EndProject
Project("{FAE04EC0-301F-11D3-BF4B-00C04F79EFBC}") = "MiApp.Application", "src\MiApp.Application\MiApp.Application.csproj", "{BD6809B4-9FC8-494B-A9AF-8587EBF66B54}"
EndProject
Project("{FAE04EC0-301F-11D3-BF4B-00C04F79EFBC}") = "MiApp.Infrastructure", "src\MiApp.Infrastructure\MiApp.Infrastructure.csproj", "{44081138-12C1-40CC-93FF-B6CBA05D9553}"
EndProject
Project("{FAE04EC0-301F-11D3-BF4B-00C04F79EFBC}") = "MiApp.WebApi", "src\MiApp.WebApi\MiApp.WebApi.csproj", "{490D0842-1E5E-472D-9316-69A2A240242F}"
EndProject
Global
	GlobalSection(SolutionConfigurationPlatforms) = preSolution
		Debug|Any CPU = Debug|Any CPU
		Release|Any CPU = Release|Any CPU
	EndGlobalSection
	GlobalSection(SolutionProperties) = preSolution
		HideSolutionNode = FALSE
	EndGlobalSection
	GlobalSection(ProjectConfigurationPlatforms) = postSolution
		{E767FC82-464A-4D22-B11E-04F42C95E722}.Debug|Any CPU.ActiveCfg = Debug|Any CPU
		{E767FC82-464A-4D22-B11E-04F42C95E722}.Debug|Any CPU.Build.0 = Debug|Any CPU
		{E767FC82-464A-4D22-B11E-04F42C95E722}.Release|Any CPU.ActiveCfg = Release|Any CPU
		{E767FC82-464A-4D22-B11E-04F42C95E722}.Release|Any CPU.Build.0 = Release|Any CPU
		{BD6809B4-9FC8-494B-A9AF-8587EBF66B54}.Debug|Any CPU.ActiveCfg = Debug|Any CPU
		{BD6809B4-9FC8-494B-A9AF-8587EBF66B54}.Debug|Any CPU.Build.0 = Debug|Any CPU
		{BD6809B4-9FC8-494B-A9AF-8587EBF66B54}.Release|Any CPU.ActiveCfg = Release|Any CPU
		{BD6809B4-9FC8-494B-A9AF-8587EBF66B54}.Release|Any CPU.Build.0 = Release|Any CPU
		{44081138-12C1-40CC-93FF-B6CBA05D9553}.Debug|Any CPU.ActiveCfg = Debug|Any CPU
		{44081138-12C1-40CC-93FF-B6CBA05D9553}.Debug|Any CPU.Build.0 = Debug|Any CPU
		{44081138-12C1-40CC-93FF-B6CBA05D9553}.Release|Any CPU.ActiveCfg = Release|Any CPU
		{44081138-12C1-40CC-93FF-B6CBA05D9553}.Release|Any CPU.Build.0 = Release|Any CPU
		{490D0842-1E5E-472D-9316-69A2A240242F}.Debug|Any CPU.ActiveCfg = Debug|Any CPU
		{490D0842-1E5E-472D-9316-69A2A240242F}.Debug|Any CPU.Build.0 = Debug|Any CPU
		{490D0842-1E5E-472D-9316-69A2A240242F}.Release|Any CPU.ActiveCfg = Release|Any CPU
		{490D0842-1E5E-472D-9316-69A2A240242F}.Release|Any CPU.Build.0 = Release|Any CPU
	EndGlobalSection
	GlobalSection(NestedProjects) = preSolution
		{E767FC82-464A-4D22-B11E-04F42C95E722} = {FC7B63F7-520C-49C3-AE83-88F8263A35F2}
		{BD6809B4-9FC8-494B-A9AF-8587EBF66B54} = {FC7B63F7-520C-49C3-AE83-88F8263A35F2}
		{44081138-12C1-40CC-93FF-B6CBA05D9553} = {FC7B63F7-520C-49C3-AE83-88F8263A35F2}
		{490D0842-1E5E-472D-9316-69A2A240242F} = {FC7B63F7-520C-49C3-AE83-88F8263A35F2}
	EndGlobalSection
EndGlobal
